// !$*UTF8*$!
{
	archiveVersion = 1;
	classes = {
	};
	objectVersion = 46;
	objects = {

/* Begin PBXBuildFile section */
		26232EBC1DC5A96C006E53F0 /* Dater.swift in Sources */ = {isa = PBXBuildFile; fileRef = 26232EBB1DC5A96C006E53F0 /* Dater.swift */; };
		263046E71DAE75AA009662D5 /* AVFoundation.framework in Frameworks */ = {isa = PBXBuildFile; fileRef = 263046E61DAE75AA009662D5 /* AVFoundation.framework */; };
		264AEB141D17E8DB00F410E1 /* KWOTools.h in Headers */ = {isa = PBXBuildFile; fileRef = 264AEB131D17E8DB00F410E1 /* KWOTools.h */; settings = {ATTRIBUTES = (Public, ); }; };
		264AEB471D17EAEB00F410E1 /* Speaker.swift in Sources */ = {isa = PBXBuildFile; fileRef = 264AEB1D1D17EAEB00F410E1 /* Speaker.swift */; };
		264AEB481D17EAEB00F410E1 /* Constants.swift in Sources */ = {isa = PBXBuildFile; fileRef = 264AEB1E1D17EAEB00F410E1 /* Constants.swift */; };
		264AEB491D17EAEB00F410E1 /* KWOCLLocationDistance+KWO.swift in Sources */ = {isa = PBXBuildFile; fileRef = 264AEB201D17EAEB00F410E1 /* KWOCLLocationDistance+KWO.swift */; };
		264AEB4A1D17EAEB00F410E1 /* KWOLocationManager.swift in Sources */ = {isa = PBXBuildFile; fileRef = 264AEB211D17EAEB00F410E1 /* KWOLocationManager.swift */; };
		264AEB4C1D17EAEB00F410E1 /* Presenter.swift in Sources */ = {isa = PBXBuildFile; fileRef = 264AEB251D17EAEB00F410E1 /* Presenter.swift */; };
		264AEB4D1D17EAEB00F410E1 /* Stopwatch.swift in Sources */ = {isa = PBXBuildFile; fileRef = 264AEB261D17EAEB00F410E1 /* Stopwatch.swift */; };
		264AEB4E1D17EAEB00F410E1 /* Dictionary+KWO.swift in Sources */ = {isa = PBXBuildFile; fileRef = 264AEB281D17EAEB00F410E1 /* Dictionary+KWO.swift */; };
		264AEB4F1D17EAEB00F410E1 /* NSDate+KWO.swift in Sources */ = {isa = PBXBuildFile; fileRef = 264AEB291D17EAEB00F410E1 /* NSDate+KWO.swift */; };
		264AEB501D17EAEB00F410E1 /* NSError+KWO.swift in Sources */ = {isa = PBXBuildFile; fileRef = 264AEB2A1D17EAEB00F410E1 /* NSError+KWO.swift */; };
		264AEB511D17EAEB00F410E1 /* NSIndexSet+KWO.swift in Sources */ = {isa = PBXBuildFile; fileRef = 264AEB2B1D17EAEB00F410E1 /* NSIndexSet+KWO.swift */; };
		264AEB521D17EAEB00F410E1 /* NSObject+KWO.swift in Sources */ = {isa = PBXBuildFile; fileRef = 264AEB2C1D17EAEB00F410E1 /* NSObject+KWO.swift */; };
		264AEB531D17EAEB00F410E1 /* String+KWO.swift in Sources */ = {isa = PBXBuildFile; fileRef = 264AEB2D1D17EAEB00F410E1 /* String+KWO.swift */; };
		264AEB551D17EAEB00F410E1 /* AppInitializer.swift in Sources */ = {isa = PBXBuildFile; fileRef = 264AEB311D17EAEB00F410E1 /* AppInitializer.swift */; };
		264AEB561D17EAEB00F410E1 /* Sectionable.swift in Sources */ = {isa = PBXBuildFile; fileRef = 264AEB321D17EAEB00F410E1 /* Sectionable.swift */; };
		264AEB571D17EAEB00F410E1 /* KWOSegmentedControl.swift in Sources */ = {isa = PBXBuildFile; fileRef = 264AEB351D17EAEB00F410E1 /* KWOSegmentedControl.swift */; };
		264AEB581D17EAEB00F410E1 /* CollectionViewDataSource.swift in Sources */ = {isa = PBXBuildFile; fileRef = 264AEB371D17EAEB00F410E1 /* CollectionViewDataSource.swift */; };
		264AEB591D17EAEB00F410E1 /* DataSource.swift in Sources */ = {isa = PBXBuildFile; fileRef = 264AEB381D17EAEB00F410E1 /* DataSource.swift */; };
		264AEB5A1D17EAEB00F410E1 /* TableViewDataSource.swift in Sources */ = {isa = PBXBuildFile; fileRef = 264AEB391D17EAEB00F410E1 /* TableViewDataSource.swift */; };
		264AEB5C1D17EAEB00F410E1 /* UIApplication+KWO.swift in Sources */ = {isa = PBXBuildFile; fileRef = 264AEB3C1D17EAEB00F410E1 /* UIApplication+KWO.swift */; };
		264AEB5D1D17EAEB00F410E1 /* UIBarButtonItem+KWO.swift in Sources */ = {isa = PBXBuildFile; fileRef = 264AEB3D1D17EAEB00F410E1 /* UIBarButtonItem+KWO.swift */; };
		264AEB5E1D17EAEB00F410E1 /* UIFont+KWO.swift in Sources */ = {isa = PBXBuildFile; fileRef = 264AEB3E1D17EAEB00F410E1 /* UIFont+KWO.swift */; };
		264AEB5F1D17EAEB00F410E1 /* UITraitCollection+KWO.swift in Sources */ = {isa = PBXBuildFile; fileRef = 264AEB3F1D17EAEB00F410E1 /* UITraitCollection+KWO.swift */; };
		264AEB621D17EAEB00F410E1 /* EmptySegue.swift in Sources */ = {isa = PBXBuildFile; fileRef = 264AEB441D17EAEB00F410E1 /* EmptySegue.swift */; };
		264AEB631D17EAEB00F410E1 /* KWOConfigurableReusableView.swift in Sources */ = {isa = PBXBuildFile; fileRef = 264AEB461D17EAEB00F410E1 /* KWOConfigurableReusableView.swift */; };
		26528B851DAA386900ADA712 /* KWOToolsTests.swift in Sources */ = {isa = PBXBuildFile; fileRef = 26528B841DAA386900ADA712 /* KWOToolsTests.swift */; };
		26528B871DAA386900ADA712 /* KWOTools.framework in Frameworks */ = {isa = PBXBuildFile; fileRef = 264AEB101D17E8DB00F410E1 /* KWOTools.framework */; };
		26528B8D1DAA38F500ADA712 /* KWOTools.framework in Frameworks */ = {isa = PBXBuildFile; fileRef = 264AEB101D17E8DB00F410E1 /* KWOTools.framework */; };
		26528B8E1DAA38FC00ADA712 /* KWOTools.framework in Frameworks */ = {isa = PBXBuildFile; fileRef = 264AEB101D17E8DB00F410E1 /* KWOTools.framework */; };
		26528B911DAA392900ADA712 /* SpeakerTests.swift in Sources */ = {isa = PBXBuildFile; fileRef = 26528B901DAA392900ADA712 /* SpeakerTests.swift */; };
		265FF0471DC6E3560094AD84 /* DismissAnimator.swift in Sources */ = {isa = PBXBuildFile; fileRef = 265FF0461DC6E3560094AD84 /* DismissAnimator.swift */; };
		265FF0491DC6E55B0094AD84 /* DragDismissable.swift in Sources */ = {isa = PBXBuildFile; fileRef = 265FF0481DC6E55B0094AD84 /* DragDismissable.swift */; };
		265FF04B1DC6E6CE0094AD84 /* TransitionInteractor.swift in Sources */ = {isa = PBXBuildFile; fileRef = 265FF04A1DC6E6CE0094AD84 /* TransitionInteractor.swift */; };
		265FF0551DC6EBDC0094AD84 /* DragDismissableViewControllerPresenter.swift in Sources */ = {isa = PBXBuildFile; fileRef = 265FF0541DC6EBDC0094AD84 /* DragDismissableViewControllerPresenter.swift */; };
		2676A3541D195B73009997E2 /* ResizableViewDataSource.swift in Sources */ = {isa = PBXBuildFile; fileRef = 2676A3531D195B73009997E2 /* ResizableViewDataSource.swift */; };
		26B29A981DA4B0F000E7C0F8 /* KWOToolsApp.framework in Frameworks */ = {isa = PBXBuildFile; fileRef = 26B29A8F1DA4B0F000E7C0F8 /* KWOToolsApp.framework */; };
		26B29A9D1DA4B0F000E7C0F8 /* KWOToolsAppTests.swift in Sources */ = {isa = PBXBuildFile; fileRef = 26B29A9C1DA4B0F000E7C0F8 /* KWOToolsAppTests.swift */; };
		26B29A9F1DA4B0F000E7C0F8 /* KWOToolsApp.h in Headers */ = {isa = PBXBuildFile; fileRef = 26B29A911DA4B0F000E7C0F8 /* KWOToolsApp.h */; settings = {ATTRIBUTES = (Public, ); }; };
		26B29AB41DA4B0FE00E7C0F8 /* KWOToolsExtension.framework in Frameworks */ = {isa = PBXBuildFile; fileRef = 26B29AAB1DA4B0FE00E7C0F8 /* KWOToolsExtension.framework */; };
		26B29AB91DA4B0FE00E7C0F8 /* KWOToolsExtensionTests.swift in Sources */ = {isa = PBXBuildFile; fileRef = 26B29AB81DA4B0FE00E7C0F8 /* KWOToolsExtensionTests.swift */; };
		26B29ABB1DA4B0FE00E7C0F8 /* KWOToolsExtension.h in Headers */ = {isa = PBXBuildFile; fileRef = 26B29AAD1DA4B0FE00E7C0F8 /* KWOToolsExtension.h */; settings = {ATTRIBUTES = (Public, ); }; };
		26B29ACA1DA4B1CB00E7C0F8 /* PhoneDialer.swift in Sources */ = {isa = PBXBuildFile; fileRef = 26B29AC91DA4B1CB00E7C0F8 /* PhoneDialer.swift */; };
		26B29AD41DA4B31700E7C0F8 /* UIAlertController+KWOApp.swift in Sources */ = {isa = PBXBuildFile; fileRef = 26B29AD21DA4B31700E7C0F8 /* UIAlertController+KWOApp.swift */; };
		26B29AD51DA4B31700E7C0F8 /* UIApplication+KWOApp.swift in Sources */ = {isa = PBXBuildFile; fileRef = 26B29AD31DA4B31700E7C0F8 /* UIApplication+KWOApp.swift */; };
		26B29AD71DA4B34F00E7C0F8 /* Mailer.swift in Sources */ = {isa = PBXBuildFile; fileRef = 26B29AD61DA4B34F00E7C0F8 /* Mailer.swift */; };
/* End PBXBuildFile section */

/* Begin PBXContainerItemProxy section */
		26528B881DAA386900ADA712 /* PBXContainerItemProxy */ = {
			isa = PBXContainerItemProxy;
			containerPortal = 264AEB071D17E8DA00F410E1 /* Project object */;
			proxyType = 1;
			remoteGlobalIDString = 264AEB0F1D17E8DB00F410E1;
			remoteInfo = KWOTools;
		};
		26B29A991DA4B0F000E7C0F8 /* PBXContainerItemProxy */ = {
			isa = PBXContainerItemProxy;
			containerPortal = 264AEB071D17E8DA00F410E1 /* Project object */;
			proxyType = 1;
			remoteGlobalIDString = 26B29A8E1DA4B0F000E7C0F8;
			remoteInfo = KWOToolsApp;
		};
		26B29AB51DA4B0FE00E7C0F8 /* PBXContainerItemProxy */ = {
			isa = PBXContainerItemProxy;
			containerPortal = 264AEB071D17E8DA00F410E1 /* Project object */;
			proxyType = 1;
			remoteGlobalIDString = 26B29AAA1DA4B0FE00E7C0F8;
			remoteInfo = KWOToolsExtension;
		};
		26B29AD81DA4B86700E7C0F8 /* PBXContainerItemProxy */ = {
			isa = PBXContainerItemProxy;
			containerPortal = 264AEB071D17E8DA00F410E1 /* Project object */;
			proxyType = 1;
			remoteGlobalIDString = 264AEB0F1D17E8DB00F410E1;
			remoteInfo = KWOTools;
		};
		26B29ADA1DA4B86B00E7C0F8 /* PBXContainerItemProxy */ = {
			isa = PBXContainerItemProxy;
			containerPortal = 264AEB071D17E8DA00F410E1 /* Project object */;
			proxyType = 1;
			remoteGlobalIDString = 264AEB0F1D17E8DB00F410E1;
			remoteInfo = KWOTools;
		};
/* End PBXContainerItemProxy section */

/* Begin PBXFileReference section */
		26232EBB1DC5A96C006E53F0 /* Dater.swift */ = {isa = PBXFileReference; fileEncoding = 4; lastKnownFileType = sourcecode.swift; path = Dater.swift; sourceTree = "<group>"; };
		263046E61DAE75AA009662D5 /* AVFoundation.framework */ = {isa = PBXFileReference; lastKnownFileType = wrapper.framework; name = AVFoundation.framework; path = System/Library/Frameworks/AVFoundation.framework; sourceTree = SDKROOT; };
		264A4BAA1D17EE7E008866B0 /* KWOTools.podspec */ = {isa = PBXFileReference; fileEncoding = 4; lastKnownFileType = text; path = KWOTools.podspec; sourceTree = "<group>"; xcLanguageSpecificationIdentifier = xcode.lang.ruby; };
		264AEB101D17E8DB00F410E1 /* KWOTools.framework */ = {isa = PBXFileReference; explicitFileType = wrapper.framework; includeInIndex = 0; path = KWOTools.framework; sourceTree = BUILT_PRODUCTS_DIR; };
		264AEB131D17E8DB00F410E1 /* KWOTools.h */ = {isa = PBXFileReference; lastKnownFileType = sourcecode.c.h; path = KWOTools.h; sourceTree = "<group>"; };
		264AEB151D17E8DB00F410E1 /* Info.plist */ = {isa = PBXFileReference; lastKnownFileType = text.plist.xml; path = Info.plist; sourceTree = "<group>"; };
		264AEB1D1D17EAEB00F410E1 /* Speaker.swift */ = {isa = PBXFileReference; fileEncoding = 4; lastKnownFileType = sourcecode.swift; path = Speaker.swift; sourceTree = "<group>"; };
		264AEB1E1D17EAEB00F410E1 /* Constants.swift */ = {isa = PBXFileReference; fileEncoding = 4; lastKnownFileType = sourcecode.swift; path = Constants.swift; sourceTree = "<group>"; };
		264AEB201D17EAEB00F410E1 /* KWOCLLocationDistance+KWO.swift */ = {isa = PBXFileReference; fileEncoding = 4; lastKnownFileType = sourcecode.swift; path = "KWOCLLocationDistance+KWO.swift"; sourceTree = "<group>"; };
		264AEB211D17EAEB00F410E1 /* KWOLocationManager.swift */ = {isa = PBXFileReference; fileEncoding = 4; lastKnownFileType = sourcecode.swift; path = KWOLocationManager.swift; sourceTree = "<group>"; };
		264AEB251D17EAEB00F410E1 /* Presenter.swift */ = {isa = PBXFileReference; fileEncoding = 4; lastKnownFileType = sourcecode.swift; path = Presenter.swift; sourceTree = "<group>"; };
		264AEB261D17EAEB00F410E1 /* Stopwatch.swift */ = {isa = PBXFileReference; fileEncoding = 4; lastKnownFileType = sourcecode.swift; path = Stopwatch.swift; sourceTree = "<group>"; };
		264AEB281D17EAEB00F410E1 /* Dictionary+KWO.swift */ = {isa = PBXFileReference; fileEncoding = 4; lastKnownFileType = sourcecode.swift; path = "Dictionary+KWO.swift"; sourceTree = "<group>"; };
		264AEB291D17EAEB00F410E1 /* NSDate+KWO.swift */ = {isa = PBXFileReference; fileEncoding = 4; lastKnownFileType = sourcecode.swift; path = "NSDate+KWO.swift"; sourceTree = "<group>"; };
		264AEB2A1D17EAEB00F410E1 /* NSError+KWO.swift */ = {isa = PBXFileReference; fileEncoding = 4; lastKnownFileType = sourcecode.swift; path = "NSError+KWO.swift"; sourceTree = "<group>"; };
		264AEB2B1D17EAEB00F410E1 /* NSIndexSet+KWO.swift */ = {isa = PBXFileReference; fileEncoding = 4; lastKnownFileType = sourcecode.swift; path = "NSIndexSet+KWO.swift"; sourceTree = "<group>"; };
		264AEB2C1D17EAEB00F410E1 /* NSObject+KWO.swift */ = {isa = PBXFileReference; fileEncoding = 4; lastKnownFileType = sourcecode.swift; path = "NSObject+KWO.swift"; sourceTree = "<group>"; };
		264AEB2D1D17EAEB00F410E1 /* String+KWO.swift */ = {isa = PBXFileReference; fileEncoding = 4; lastKnownFileType = sourcecode.swift; path = "String+KWO.swift"; sourceTree = "<group>"; };
		264AEB311D17EAEB00F410E1 /* AppInitializer.swift */ = {isa = PBXFileReference; fileEncoding = 4; lastKnownFileType = sourcecode.swift; path = AppInitializer.swift; sourceTree = "<group>"; };
		264AEB321D17EAEB00F410E1 /* Sectionable.swift */ = {isa = PBXFileReference; fileEncoding = 4; lastKnownFileType = sourcecode.swift; path = Sectionable.swift; sourceTree = "<group>"; };
		264AEB351D17EAEB00F410E1 /* KWOSegmentedControl.swift */ = {isa = PBXFileReference; fileEncoding = 4; lastKnownFileType = sourcecode.swift; path = KWOSegmentedControl.swift; sourceTree = "<group>"; };
		264AEB371D17EAEB00F410E1 /* CollectionViewDataSource.swift */ = {isa = PBXFileReference; fileEncoding = 4; lastKnownFileType = sourcecode.swift; path = CollectionViewDataSource.swift; sourceTree = "<group>"; };
		264AEB381D17EAEB00F410E1 /* DataSource.swift */ = {isa = PBXFileReference; fileEncoding = 4; lastKnownFileType = sourcecode.swift; path = DataSource.swift; sourceTree = "<group>"; };
		264AEB391D17EAEB00F410E1 /* TableViewDataSource.swift */ = {isa = PBXFileReference; fileEncoding = 4; lastKnownFileType = sourcecode.swift; path = TableViewDataSource.swift; sourceTree = "<group>"; };
		264AEB3C1D17EAEB00F410E1 /* UIApplication+KWO.swift */ = {isa = PBXFileReference; fileEncoding = 4; lastKnownFileType = sourcecode.swift; path = "UIApplication+KWO.swift"; sourceTree = "<group>"; };
		264AEB3D1D17EAEB00F410E1 /* UIBarButtonItem+KWO.swift */ = {isa = PBXFileReference; fileEncoding = 4; lastKnownFileType = sourcecode.swift; path = "UIBarButtonItem+KWO.swift"; sourceTree = "<group>"; };
		264AEB3E1D17EAEB00F410E1 /* UIFont+KWO.swift */ = {isa = PBXFileReference; fileEncoding = 4; lastKnownFileType = sourcecode.swift; path = "UIFont+KWO.swift"; sourceTree = "<group>"; };
		264AEB3F1D17EAEB00F410E1 /* UITraitCollection+KWO.swift */ = {isa = PBXFileReference; fileEncoding = 4; lastKnownFileType = sourcecode.swift; path = "UITraitCollection+KWO.swift"; sourceTree = "<group>"; };
		264AEB441D17EAEB00F410E1 /* EmptySegue.swift */ = {isa = PBXFileReference; fileEncoding = 4; lastKnownFileType = sourcecode.swift; path = EmptySegue.swift; sourceTree = "<group>"; };
		264AEB461D17EAEB00F410E1 /* KWOConfigurableReusableView.swift */ = {isa = PBXFileReference; fileEncoding = 4; lastKnownFileType = sourcecode.swift; path = KWOConfigurableReusableView.swift; sourceTree = "<group>"; };
		26528B821DAA386900ADA712 /* KWOToolsTests.xctest */ = {isa = PBXFileReference; explicitFileType = wrapper.cfbundle; includeInIndex = 0; path = KWOToolsTests.xctest; sourceTree = BUILT_PRODUCTS_DIR; };
		26528B841DAA386900ADA712 /* KWOToolsTests.swift */ = {isa = PBXFileReference; lastKnownFileType = sourcecode.swift; path = KWOToolsTests.swift; sourceTree = "<group>"; };
		26528B861DAA386900ADA712 /* Info.plist */ = {isa = PBXFileReference; lastKnownFileType = text.plist.xml; path = Info.plist; sourceTree = "<group>"; };
		26528B901DAA392900ADA712 /* SpeakerTests.swift */ = {isa = PBXFileReference; fileEncoding = 4; lastKnownFileType = sourcecode.swift; path = SpeakerTests.swift; sourceTree = "<group>"; };
		265FF0461DC6E3560094AD84 /* DismissAnimator.swift */ = {isa = PBXFileReference; fileEncoding = 4; lastKnownFileType = sourcecode.swift; path = DismissAnimator.swift; sourceTree = "<group>"; };
		265FF0481DC6E55B0094AD84 /* DragDismissable.swift */ = {isa = PBXFileReference; fileEncoding = 4; lastKnownFileType = sourcecode.swift; path = DragDismissable.swift; sourceTree = "<group>"; };
		265FF04A1DC6E6CE0094AD84 /* TransitionInteractor.swift */ = {isa = PBXFileReference; fileEncoding = 4; lastKnownFileType = sourcecode.swift; path = TransitionInteractor.swift; sourceTree = "<group>"; };
		265FF0541DC6EBDC0094AD84 /* DragDismissableViewControllerPresenter.swift */ = {isa = PBXFileReference; fileEncoding = 4; lastKnownFileType = sourcecode.swift; path = DragDismissableViewControllerPresenter.swift; sourceTree = "<group>"; };
		2676A3531D195B73009997E2 /* ResizableViewDataSource.swift */ = {isa = PBXFileReference; fileEncoding = 4; lastKnownFileType = sourcecode.swift; path = ResizableViewDataSource.swift; sourceTree = "<group>"; };
		26B29A8F1DA4B0F000E7C0F8 /* KWOToolsApp.framework */ = {isa = PBXFileReference; explicitFileType = wrapper.framework; includeInIndex = 0; path = KWOToolsApp.framework; sourceTree = BUILT_PRODUCTS_DIR; };
		26B29A911DA4B0F000E7C0F8 /* KWOToolsApp.h */ = {isa = PBXFileReference; lastKnownFileType = sourcecode.c.h; path = KWOToolsApp.h; sourceTree = "<group>"; };
		26B29A921DA4B0F000E7C0F8 /* Info.plist */ = {isa = PBXFileReference; lastKnownFileType = text.plist.xml; path = Info.plist; sourceTree = "<group>"; };
		26B29A971DA4B0F000E7C0F8 /* KWOToolsAppTests.xctest */ = {isa = PBXFileReference; explicitFileType = wrapper.cfbundle; includeInIndex = 0; path = KWOToolsAppTests.xctest; sourceTree = BUILT_PRODUCTS_DIR; };
		26B29A9C1DA4B0F000E7C0F8 /* KWOToolsAppTests.swift */ = {isa = PBXFileReference; lastKnownFileType = sourcecode.swift; path = KWOToolsAppTests.swift; sourceTree = "<group>"; };
		26B29A9E1DA4B0F000E7C0F8 /* Info.plist */ = {isa = PBXFileReference; lastKnownFileType = text.plist.xml; path = Info.plist; sourceTree = "<group>"; };
		26B29AAB1DA4B0FE00E7C0F8 /* KWOToolsExtension.framework */ = {isa = PBXFileReference; explicitFileType = wrapper.framework; includeInIndex = 0; path = KWOToolsExtension.framework; sourceTree = BUILT_PRODUCTS_DIR; };
		26B29AAD1DA4B0FE00E7C0F8 /* KWOToolsExtension.h */ = {isa = PBXFileReference; lastKnownFileType = sourcecode.c.h; path = KWOToolsExtension.h; sourceTree = "<group>"; };
		26B29AAE1DA4B0FE00E7C0F8 /* Info.plist */ = {isa = PBXFileReference; lastKnownFileType = text.plist.xml; path = Info.plist; sourceTree = "<group>"; };
		26B29AB31DA4B0FE00E7C0F8 /* KWOToolsExtensionTests.xctest */ = {isa = PBXFileReference; explicitFileType = wrapper.cfbundle; includeInIndex = 0; path = KWOToolsExtensionTests.xctest; sourceTree = BUILT_PRODUCTS_DIR; };
		26B29AB81DA4B0FE00E7C0F8 /* KWOToolsExtensionTests.swift */ = {isa = PBXFileReference; lastKnownFileType = sourcecode.swift; path = KWOToolsExtensionTests.swift; sourceTree = "<group>"; };
		26B29ABA1DA4B0FE00E7C0F8 /* Info.plist */ = {isa = PBXFileReference; lastKnownFileType = text.plist.xml; path = Info.plist; sourceTree = "<group>"; };
		26B29AC91DA4B1CB00E7C0F8 /* PhoneDialer.swift */ = {isa = PBXFileReference; fileEncoding = 4; lastKnownFileType = sourcecode.swift; path = PhoneDialer.swift; sourceTree = "<group>"; };
		26B29AD21DA4B31700E7C0F8 /* UIAlertController+KWOApp.swift */ = {isa = PBXFileReference; fileEncoding = 4; lastKnownFileType = sourcecode.swift; path = "UIAlertController+KWOApp.swift"; sourceTree = "<group>"; };
		26B29AD31DA4B31700E7C0F8 /* UIApplication+KWOApp.swift */ = {isa = PBXFileReference; fileEncoding = 4; lastKnownFileType = sourcecode.swift; path = "UIApplication+KWOApp.swift"; sourceTree = "<group>"; };
		26B29AD61DA4B34F00E7C0F8 /* Mailer.swift */ = {isa = PBXFileReference; fileEncoding = 4; lastKnownFileType = sourcecode.swift; path = Mailer.swift; sourceTree = "<group>"; };
/* End PBXFileReference section */

/* Begin PBXFrameworksBuildPhase section */
		264AEB0C1D17E8DB00F410E1 /* Frameworks */ = {
			isa = PBXFrameworksBuildPhase;
			buildActionMask = 2147483647;
			files = (
				263046E71DAE75AA009662D5 /* AVFoundation.framework in Frameworks */,
			);
			runOnlyForDeploymentPostprocessing = 0;
		};
		26528B7F1DAA386900ADA712 /* Frameworks */ = {
			isa = PBXFrameworksBuildPhase;
			buildActionMask = 2147483647;
			files = (
				26528B871DAA386900ADA712 /* KWOTools.framework in Frameworks */,
			);
			runOnlyForDeploymentPostprocessing = 0;
		};
		26B29A8B1DA4B0F000E7C0F8 /* Frameworks */ = {
			isa = PBXFrameworksBuildPhase;
			buildActionMask = 2147483647;
			files = (
				26528B8D1DAA38F500ADA712 /* KWOTools.framework in Frameworks */,
			);
			runOnlyForDeploymentPostprocessing = 0;
		};
		26B29A941DA4B0F000E7C0F8 /* Frameworks */ = {
			isa = PBXFrameworksBuildPhase;
			buildActionMask = 2147483647;
			files = (
				26B29A981DA4B0F000E7C0F8 /* KWOToolsApp.framework in Frameworks */,
			);
			runOnlyForDeploymentPostprocessing = 0;
		};
		26B29AA71DA4B0FE00E7C0F8 /* Frameworks */ = {
			isa = PBXFrameworksBuildPhase;
			buildActionMask = 2147483647;
			files = (
				26528B8E1DAA38FC00ADA712 /* KWOTools.framework in Frameworks */,
			);
			runOnlyForDeploymentPostprocessing = 0;
		};
		26B29AB01DA4B0FE00E7C0F8 /* Frameworks */ = {
			isa = PBXFrameworksBuildPhase;
			buildActionMask = 2147483647;
			files = (
				26B29AB41DA4B0FE00E7C0F8 /* KWOToolsExtension.framework in Frameworks */,
			);
			runOnlyForDeploymentPostprocessing = 0;
		};
/* End PBXFrameworksBuildPhase section */

/* Begin PBXGroup section */
		264AEB061D17E8DA00F410E1 = {
			isa = PBXGroup;
			children = (
				264A4BAA1D17EE7E008866B0 /* KWOTools.podspec */,
				264AEB121D17E8DB00F410E1 /* KWOTools */,
				26528B831DAA386900ADA712 /* KWOToolsTests */,
				26B29A901DA4B0F000E7C0F8 /* KWOToolsApp */,
				26B29A9B1DA4B0F000E7C0F8 /* KWOToolsAppTests */,
				26B29AAC1DA4B0FE00E7C0F8 /* KWOToolsExtension */,
				26B29AB71DA4B0FE00E7C0F8 /* KWOToolsExtensionTests */,
				264AEB111D17E8DB00F410E1 /* Products */,
				944021ED2EC236A676E076FD /* Frameworks */,
			);
			sourceTree = "<group>";
		};
		264AEB111D17E8DB00F410E1 /* Products */ = {
			isa = PBXGroup;
			children = (
				264AEB101D17E8DB00F410E1 /* KWOTools.framework */,
				26B29A8F1DA4B0F000E7C0F8 /* KWOToolsApp.framework */,
				26B29A971DA4B0F000E7C0F8 /* KWOToolsAppTests.xctest */,
				26B29AAB1DA4B0FE00E7C0F8 /* KWOToolsExtension.framework */,
				26B29AB31DA4B0FE00E7C0F8 /* KWOToolsExtensionTests.xctest */,
				26528B821DAA386900ADA712 /* KWOToolsTests.xctest */,
			);
			name = Products;
			sourceTree = "<group>";
		};
		264AEB121D17E8DB00F410E1 /* KWOTools */ = {
			isa = PBXGroup;
			children = (
				264AEB131D17E8DB00F410E1 /* KWOTools.h */,
				264AEB151D17E8DB00F410E1 /* Info.plist */,
				264AEB1C1D17EAEB00F410E1 /* AVFoundation */,
				264AEB1E1D17EAEB00F410E1 /* Constants.swift */,
				264AEB1F1D17EAEB00F410E1 /* CoreLocation */,
				264AEB221D17EAEB00F410E1 /* Foundation */,
				264AEB331D17EAEB00F410E1 /* UIKit */,
			);
			path = KWOTools;
			sourceTree = "<group>";
		};
		264AEB1C1D17EAEB00F410E1 /* AVFoundation */ = {
			isa = PBXGroup;
			children = (
				264AEB1D1D17EAEB00F410E1 /* Speaker.swift */,
			);
			path = AVFoundation;
			sourceTree = "<group>";
		};
		264AEB1F1D17EAEB00F410E1 /* CoreLocation */ = {
			isa = PBXGroup;
			children = (
				264AEB201D17EAEB00F410E1 /* KWOCLLocationDistance+KWO.swift */,
				264AEB211D17EAEB00F410E1 /* KWOLocationManager.swift */,
			);
			path = CoreLocation;
			sourceTree = "<group>";
		};
		264AEB221D17EAEB00F410E1 /* Foundation */ = {
			isa = PBXGroup;
			children = (
				264AEB231D17EAEB00F410E1 /* Classes */,
				264AEB271D17EAEB00F410E1 /* Extensions */,
				264AEB301D17EAEB00F410E1 /* Protocols */,
			);
			path = Foundation;
			sourceTree = "<group>";
		};
		264AEB231D17EAEB00F410E1 /* Classes */ = {
			isa = PBXGroup;
			children = (
				264AEB251D17EAEB00F410E1 /* Presenter.swift */,
				264AEB261D17EAEB00F410E1 /* Stopwatch.swift */,
				26232EBB1DC5A96C006E53F0 /* Dater.swift */,
			);
			path = Classes;
			sourceTree = "<group>";
		};
		264AEB271D17EAEB00F410E1 /* Extensions */ = {
			isa = PBXGroup;
			children = (
				264AEB281D17EAEB00F410E1 /* Dictionary+KWO.swift */,
				264AEB291D17EAEB00F410E1 /* NSDate+KWO.swift */,
				264AEB2A1D17EAEB00F410E1 /* NSError+KWO.swift */,
				264AEB2B1D17EAEB00F410E1 /* NSIndexSet+KWO.swift */,
				264AEB2C1D17EAEB00F410E1 /* NSObject+KWO.swift */,
				264AEB2D1D17EAEB00F410E1 /* String+KWO.swift */,
			);
			path = Extensions;
			sourceTree = "<group>";
		};
		264AEB301D17EAEB00F410E1 /* Protocols */ = {
			isa = PBXGroup;
			children = (
				264AEB311D17EAEB00F410E1 /* AppInitializer.swift */,
				264AEB321D17EAEB00F410E1 /* Sectionable.swift */,
			);
			path = Protocols;
			sourceTree = "<group>";
		};
		264AEB331D17EAEB00F410E1 /* UIKit */ = {
			isa = PBXGroup;
			children = (
				265FF0451DC6E32A0094AD84 /* Classes */,
				2676A3521D195B46009997E2 /* Protocols */,
				264AEB341D17EAEB00F410E1 /* Controls */,
				264AEB361D17EAEB00F410E1 /* DataSources */,
				264AEB3A1D17EAEB00F410E1 /* Extensions */,
				264AEB431D17EAEB00F410E1 /* Segues */,
				264AEB451D17EAEB00F410E1 /* Views */,
			);
			path = UIKit;
			sourceTree = "<group>";
		};
		264AEB341D17EAEB00F410E1 /* Controls */ = {
			isa = PBXGroup;
			children = (
				264AEB351D17EAEB00F410E1 /* KWOSegmentedControl.swift */,
			);
			path = Controls;
			sourceTree = "<group>";
		};
		264AEB361D17EAEB00F410E1 /* DataSources */ = {
			isa = PBXGroup;
			children = (
				264AEB371D17EAEB00F410E1 /* CollectionViewDataSource.swift */,
				264AEB381D17EAEB00F410E1 /* DataSource.swift */,
				264AEB391D17EAEB00F410E1 /* TableViewDataSource.swift */,
			);
			path = DataSources;
			sourceTree = "<group>";
		};
		264AEB3A1D17EAEB00F410E1 /* Extensions */ = {
			isa = PBXGroup;
			children = (
				264AEB3C1D17EAEB00F410E1 /* UIApplication+KWO.swift */,
				264AEB3D1D17EAEB00F410E1 /* UIBarButtonItem+KWO.swift */,
				264AEB3E1D17EAEB00F410E1 /* UIFont+KWO.swift */,
				264AEB3F1D17EAEB00F410E1 /* UITraitCollection+KWO.swift */,
			);
			path = Extensions;
			sourceTree = "<group>";
		};
		264AEB431D17EAEB00F410E1 /* Segues */ = {
			isa = PBXGroup;
			children = (
				264AEB441D17EAEB00F410E1 /* EmptySegue.swift */,
			);
			path = Segues;
			sourceTree = "<group>";
		};
		264AEB451D17EAEB00F410E1 /* Views */ = {
			isa = PBXGroup;
			children = (
				264AEB461D17EAEB00F410E1 /* KWOConfigurableReusableView.swift */,
			);
			path = Views;
			sourceTree = "<group>";
		};
		26528B831DAA386900ADA712 /* KWOToolsTests */ = {
			isa = PBXGroup;
			children = (
				26528B8F1DAA391400ADA712 /* AVFoundation */,
				26528B841DAA386900ADA712 /* KWOToolsTests.swift */,
				26528B861DAA386900ADA712 /* Info.plist */,
			);
			path = KWOToolsTests;
			sourceTree = "<group>";
		};
		26528B8F1DAA391400ADA712 /* AVFoundation */ = {
			isa = PBXGroup;
			children = (
				26528B901DAA392900ADA712 /* SpeakerTests.swift */,
			);
			path = AVFoundation;
			sourceTree = "<group>";
		};
		265FF0451DC6E32A0094AD84 /* Classes */ = {
			isa = PBXGroup;
			children = (
				265FF0461DC6E3560094AD84 /* DismissAnimator.swift */,
				265FF04A1DC6E6CE0094AD84 /* TransitionInteractor.swift */,
			);
			path = Classes;
			sourceTree = "<group>";
		};
		2676A3521D195B46009997E2 /* Protocols */ = {
			isa = PBXGroup;
			children = (
				2676A3531D195B73009997E2 /* ResizableViewDataSource.swift */,
				265FF0481DC6E55B0094AD84 /* DragDismissable.swift */,
				265FF0541DC6EBDC0094AD84 /* DragDismissableViewControllerPresenter.swift */,
			);
			path = Protocols;
			sourceTree = "<group>";
		};
		26B29A901DA4B0F000E7C0F8 /* KWOToolsApp */ = {
			isa = PBXGroup;
			children = (
				26B29AC71DA4B1CB00E7C0F8 /* UIKit */,
				26B29A911DA4B0F000E7C0F8 /* KWOToolsApp.h */,
				26B29A921DA4B0F000E7C0F8 /* Info.plist */,
			);
			path = KWOToolsApp;
			sourceTree = "<group>";
		};
		26B29A9B1DA4B0F000E7C0F8 /* KWOToolsAppTests */ = {
			isa = PBXGroup;
			children = (
				26B29A9C1DA4B0F000E7C0F8 /* KWOToolsAppTests.swift */,
				26B29A9E1DA4B0F000E7C0F8 /* Info.plist */,
			);
			path = KWOToolsAppTests;
			sourceTree = "<group>";
		};
		26B29AAC1DA4B0FE00E7C0F8 /* KWOToolsExtension */ = {
			isa = PBXGroup;
			children = (
				26B29AAD1DA4B0FE00E7C0F8 /* KWOToolsExtension.h */,
				26B29AAE1DA4B0FE00E7C0F8 /* Info.plist */,
			);
			path = KWOToolsExtension;
			sourceTree = "<group>";
		};
		26B29AB71DA4B0FE00E7C0F8 /* KWOToolsExtensionTests */ = {
			isa = PBXGroup;
			children = (
				26B29AB81DA4B0FE00E7C0F8 /* KWOToolsExtensionTests.swift */,
				26B29ABA1DA4B0FE00E7C0F8 /* Info.plist */,
			);
			path = KWOToolsExtensionTests;
			sourceTree = "<group>";
		};
		26B29AC71DA4B1CB00E7C0F8 /* UIKit */ = {
			isa = PBXGroup;
			children = (
				26B29AD11DA4B31700E7C0F8 /* Extensions */,
				26B29AC81DA4B1CB00E7C0F8 /* Interfaces */,
			);
			path = UIKit;
			sourceTree = "<group>";
		};
		26B29AC81DA4B1CB00E7C0F8 /* Interfaces */ = {
			isa = PBXGroup;
			children = (
				26B29AD61DA4B34F00E7C0F8 /* Mailer.swift */,
				26B29AC91DA4B1CB00E7C0F8 /* PhoneDialer.swift */,
			);
			path = Interfaces;
			sourceTree = "<group>";
		};
		26B29AD11DA4B31700E7C0F8 /* Extensions */ = {
			isa = PBXGroup;
			children = (
				26B29AD21DA4B31700E7C0F8 /* UIAlertController+KWOApp.swift */,
				26B29AD31DA4B31700E7C0F8 /* UIApplication+KWOApp.swift */,
			);
			path = Extensions;
			sourceTree = "<group>";
		};
		944021ED2EC236A676E076FD /* Frameworks */ = {
			isa = PBXGroup;
			children = (
				263046E61DAE75AA009662D5 /* AVFoundation.framework */,
			);
			name = Frameworks;
			sourceTree = "<group>";
		};
/* End PBXGroup section */

/* Begin PBXHeadersBuildPhase section */
		264AEB0D1D17E8DB00F410E1 /* Headers */ = {
			isa = PBXHeadersBuildPhase;
			buildActionMask = 2147483647;
			files = (
				264AEB141D17E8DB00F410E1 /* KWOTools.h in Headers */,
			);
			runOnlyForDeploymentPostprocessing = 0;
		};
		26B29A8C1DA4B0F000E7C0F8 /* Headers */ = {
			isa = PBXHeadersBuildPhase;
			buildActionMask = 2147483647;
			files = (
				26B29A9F1DA4B0F000E7C0F8 /* KWOToolsApp.h in Headers */,
			);
			runOnlyForDeploymentPostprocessing = 0;
		};
		26B29AA81DA4B0FE00E7C0F8 /* Headers */ = {
			isa = PBXHeadersBuildPhase;
			buildActionMask = 2147483647;
			files = (
				26B29ABB1DA4B0FE00E7C0F8 /* KWOToolsExtension.h in Headers */,
			);
			runOnlyForDeploymentPostprocessing = 0;
		};
/* End PBXHeadersBuildPhase section */

/* Begin PBXNativeTarget section */
		264AEB0F1D17E8DB00F410E1 /* KWOTools */ = {
			isa = PBXNativeTarget;
			buildConfigurationList = 264AEB181D17E8DB00F410E1 /* Build configuration list for PBXNativeTarget "KWOTools" */;
			buildPhases = (
				264AEB0B1D17E8DB00F410E1 /* Sources */,
				264AEB0C1D17E8DB00F410E1 /* Frameworks */,
				264AEB0D1D17E8DB00F410E1 /* Headers */,
				264AEB0E1D17E8DB00F410E1 /* Resources */,
			);
			buildRules = (
			);
			dependencies = (
			);
			name = KWOTools;
			productName = KWOTools;
			productReference = 264AEB101D17E8DB00F410E1 /* KWOTools.framework */;
			productType = "com.apple.product-type.framework";
		};
		26528B811DAA386900ADA712 /* KWOToolsTests */ = {
			isa = PBXNativeTarget;
			buildConfigurationList = 26528B8C1DAA386900ADA712 /* Build configuration list for PBXNativeTarget "KWOToolsTests" */;
			buildPhases = (
				26528B7E1DAA386900ADA712 /* Sources */,
				26528B7F1DAA386900ADA712 /* Frameworks */,
				26528B801DAA386900ADA712 /* Resources */,
			);
			buildRules = (
			);
			dependencies = (
				26528B891DAA386900ADA712 /* PBXTargetDependency */,
			);
			name = KWOToolsTests;
			productName = KWOToolsTests;
			productReference = 26528B821DAA386900ADA712 /* KWOToolsTests.xctest */;
			productType = "com.apple.product-type.bundle.unit-test";
		};
		26B29A8E1DA4B0F000E7C0F8 /* KWOToolsApp */ = {
			isa = PBXNativeTarget;
			buildConfigurationList = 26B29AA41DA4B0F000E7C0F8 /* Build configuration list for PBXNativeTarget "KWOToolsApp" */;
			buildPhases = (
				26B29A8A1DA4B0F000E7C0F8 /* Sources */,
				26B29A8B1DA4B0F000E7C0F8 /* Frameworks */,
				26B29A8C1DA4B0F000E7C0F8 /* Headers */,
				26B29A8D1DA4B0F000E7C0F8 /* Resources */,
			);
			buildRules = (
			);
			dependencies = (
				26B29AD91DA4B86700E7C0F8 /* PBXTargetDependency */,
			);
			name = KWOToolsApp;
			productName = KWOToolsApp;
			productReference = 26B29A8F1DA4B0F000E7C0F8 /* KWOToolsApp.framework */;
			productType = "com.apple.product-type.framework";
		};
		26B29A961DA4B0F000E7C0F8 /* KWOToolsAppTests */ = {
			isa = PBXNativeTarget;
			buildConfigurationList = 26B29AA51DA4B0F000E7C0F8 /* Build configuration list for PBXNativeTarget "KWOToolsAppTests" */;
			buildPhases = (
				26B29A931DA4B0F000E7C0F8 /* Sources */,
				26B29A941DA4B0F000E7C0F8 /* Frameworks */,
				26B29A951DA4B0F000E7C0F8 /* Resources */,
			);
			buildRules = (
			);
			dependencies = (
				26B29A9A1DA4B0F000E7C0F8 /* PBXTargetDependency */,
			);
			name = KWOToolsAppTests;
			productName = KWOToolsAppTests;
			productReference = 26B29A971DA4B0F000E7C0F8 /* KWOToolsAppTests.xctest */;
			productType = "com.apple.product-type.bundle.unit-test";
		};
		26B29AAA1DA4B0FE00E7C0F8 /* KWOToolsExtension */ = {
			isa = PBXNativeTarget;
			buildConfigurationList = 26B29ABC1DA4B0FE00E7C0F8 /* Build configuration list for PBXNativeTarget "KWOToolsExtension" */;
			buildPhases = (
				26B29AA61DA4B0FE00E7C0F8 /* Sources */,
				26B29AA71DA4B0FE00E7C0F8 /* Frameworks */,
				26B29AA81DA4B0FE00E7C0F8 /* Headers */,
				26B29AA91DA4B0FE00E7C0F8 /* Resources */,
			);
			buildRules = (
			);
			dependencies = (
				26B29ADB1DA4B86B00E7C0F8 /* PBXTargetDependency */,
			);
			name = KWOToolsExtension;
			productName = KWOToolsExtension;
			productReference = 26B29AAB1DA4B0FE00E7C0F8 /* KWOToolsExtension.framework */;
			productType = "com.apple.product-type.framework";
		};
		26B29AB21DA4B0FE00E7C0F8 /* KWOToolsExtensionTests */ = {
			isa = PBXNativeTarget;
			buildConfigurationList = 26B29ABF1DA4B0FE00E7C0F8 /* Build configuration list for PBXNativeTarget "KWOToolsExtensionTests" */;
			buildPhases = (
				26B29AAF1DA4B0FE00E7C0F8 /* Sources */,
				26B29AB01DA4B0FE00E7C0F8 /* Frameworks */,
				26B29AB11DA4B0FE00E7C0F8 /* Resources */,
			);
			buildRules = (
			);
			dependencies = (
				26B29AB61DA4B0FE00E7C0F8 /* PBXTargetDependency */,
			);
			name = KWOToolsExtensionTests;
			productName = KWOToolsExtensionTests;
			productReference = 26B29AB31DA4B0FE00E7C0F8 /* KWOToolsExtensionTests.xctest */;
			productType = "com.apple.product-type.bundle.unit-test";
		};
/* End PBXNativeTarget section */

/* Begin PBXProject section */
		264AEB071D17E8DA00F410E1 /* Project object */ = {
			isa = PBXProject;
			attributes = {
				LastSwiftUpdateCheck = 0800;
				LastUpgradeCheck = 0900;
				ORGANIZATIONNAME = "Kevin Wolkober";
				TargetAttributes = {
					264AEB0F1D17E8DB00F410E1 = {
						CreatedOnToolsVersion = 7.3.1;
						LastSwiftMigration = 0900;
					};
					26528B811DAA386900ADA712 = {
						CreatedOnToolsVersion = 8.0;
						DevelopmentTeam = RBAYG54ZP6;
						ProvisioningStyle = Automatic;
					};
					26B29A8E1DA4B0F000E7C0F8 = {
						CreatedOnToolsVersion = 8.0;
						LastSwiftMigration = 0900;
						ProvisioningStyle = Manual;
					};
					26B29A961DA4B0F000E7C0F8 = {
						CreatedOnToolsVersion = 8.0;
						DevelopmentTeam = RBAYG54ZP6;
						LastSwiftMigration = 0900;
						ProvisioningStyle = Automatic;
					};
					26B29AAA1DA4B0FE00E7C0F8 = {
						CreatedOnToolsVersion = 8.0;
						ProvisioningStyle = Manual;
					};
					26B29AB21DA4B0FE00E7C0F8 = {
						CreatedOnToolsVersion = 8.0;
						DevelopmentTeam = RBAYG54ZP6;
						ProvisioningStyle = Automatic;
					};
				};
			};
			buildConfigurationList = 264AEB0A1D17E8DA00F410E1 /* Build configuration list for PBXProject "KWOTools" */;
			compatibilityVersion = "Xcode 3.2";
			developmentRegion = English;
			hasScannedForEncodings = 0;
			knownRegions = (
				English,
				en,
			);
			mainGroup = 264AEB061D17E8DA00F410E1;
			productRefGroup = 264AEB111D17E8DB00F410E1 /* Products */;
			projectDirPath = "";
			projectRoot = "";
			targets = (
				264AEB0F1D17E8DB00F410E1 /* KWOTools */,
				26528B811DAA386900ADA712 /* KWOToolsTests */,
				26B29A8E1DA4B0F000E7C0F8 /* KWOToolsApp */,
				26B29A961DA4B0F000E7C0F8 /* KWOToolsAppTests */,
				26B29AAA1DA4B0FE00E7C0F8 /* KWOToolsExtension */,
				26B29AB21DA4B0FE00E7C0F8 /* KWOToolsExtensionTests */,
			);
		};
/* End PBXProject section */

/* Begin PBXResourcesBuildPhase section */
		264AEB0E1D17E8DB00F410E1 /* Resources */ = {
			isa = PBXResourcesBuildPhase;
			buildActionMask = 2147483647;
			files = (
			);
			runOnlyForDeploymentPostprocessing = 0;
		};
		26528B801DAA386900ADA712 /* Resources */ = {
			isa = PBXResourcesBuildPhase;
			buildActionMask = 2147483647;
			files = (
			);
			runOnlyForDeploymentPostprocessing = 0;
		};
		26B29A8D1DA4B0F000E7C0F8 /* Resources */ = {
			isa = PBXResourcesBuildPhase;
			buildActionMask = 2147483647;
			files = (
			);
			runOnlyForDeploymentPostprocessing = 0;
		};
		26B29A951DA4B0F000E7C0F8 /* Resources */ = {
			isa = PBXResourcesBuildPhase;
			buildActionMask = 2147483647;
			files = (
			);
			runOnlyForDeploymentPostprocessing = 0;
		};
		26B29AA91DA4B0FE00E7C0F8 /* Resources */ = {
			isa = PBXResourcesBuildPhase;
			buildActionMask = 2147483647;
			files = (
			);
			runOnlyForDeploymentPostprocessing = 0;
		};
		26B29AB11DA4B0FE00E7C0F8 /* Resources */ = {
			isa = PBXResourcesBuildPhase;
			buildActionMask = 2147483647;
			files = (
			);
			runOnlyForDeploymentPostprocessing = 0;
		};
/* End PBXResourcesBuildPhase section */

/* Begin PBXSourcesBuildPhase section */
		264AEB0B1D17E8DB00F410E1 /* Sources */ = {
			isa = PBXSourcesBuildPhase;
			buildActionMask = 2147483647;
			files = (
				264AEB4C1D17EAEB00F410E1 /* Presenter.swift in Sources */,
				264AEB4E1D17EAEB00F410E1 /* Dictionary+KWO.swift in Sources */,
				265FF0491DC6E55B0094AD84 /* DragDismissable.swift in Sources */,
				264AEB511D17EAEB00F410E1 /* NSIndexSet+KWO.swift in Sources */,
				264AEB621D17EAEB00F410E1 /* EmptySegue.swift in Sources */,
				264AEB4A1D17EAEB00F410E1 /* KWOLocationManager.swift in Sources */,
				264AEB531D17EAEB00F410E1 /* String+KWO.swift in Sources */,
				264AEB571D17EAEB00F410E1 /* KWOSegmentedControl.swift in Sources */,
				264AEB5F1D17EAEB00F410E1 /* UITraitCollection+KWO.swift in Sources */,
				264AEB5A1D17EAEB00F410E1 /* TableViewDataSource.swift in Sources */,
				264AEB591D17EAEB00F410E1 /* DataSource.swift in Sources */,
				264AEB561D17EAEB00F410E1 /* Sectionable.swift in Sources */,
				26232EBC1DC5A96C006E53F0 /* Dater.swift in Sources */,
				264AEB501D17EAEB00F410E1 /* NSError+KWO.swift in Sources */,
				264AEB551D17EAEB00F410E1 /* AppInitializer.swift in Sources */,
				264AEB4F1D17EAEB00F410E1 /* NSDate+KWO.swift in Sources */,
				265FF04B1DC6E6CE0094AD84 /* TransitionInteractor.swift in Sources */,
				264AEB471D17EAEB00F410E1 /* Speaker.swift in Sources */,
				2676A3541D195B73009997E2 /* ResizableViewDataSource.swift in Sources */,
				264AEB491D17EAEB00F410E1 /* KWOCLLocationDistance+KWO.swift in Sources */,
				264AEB581D17EAEB00F410E1 /* CollectionViewDataSource.swift in Sources */,
				264AEB5D1D17EAEB00F410E1 /* UIBarButtonItem+KWO.swift in Sources */,
				264AEB631D17EAEB00F410E1 /* KWOConfigurableReusableView.swift in Sources */,
				264AEB5C1D17EAEB00F410E1 /* UIApplication+KWO.swift in Sources */,
				264AEB5E1D17EAEB00F410E1 /* UIFont+KWO.swift in Sources */,
				264AEB521D17EAEB00F410E1 /* NSObject+KWO.swift in Sources */,
				264AEB4D1D17EAEB00F410E1 /* Stopwatch.swift in Sources */,
				265FF0471DC6E3560094AD84 /* DismissAnimator.swift in Sources */,
				265FF0551DC6EBDC0094AD84 /* DragDismissableViewControllerPresenter.swift in Sources */,
				264AEB481D17EAEB00F410E1 /* Constants.swift in Sources */,
			);
			runOnlyForDeploymentPostprocessing = 0;
		};
		26528B7E1DAA386900ADA712 /* Sources */ = {
			isa = PBXSourcesBuildPhase;
			buildActionMask = 2147483647;
			files = (
				26528B851DAA386900ADA712 /* KWOToolsTests.swift in Sources */,
				26528B911DAA392900ADA712 /* SpeakerTests.swift in Sources */,
			);
			runOnlyForDeploymentPostprocessing = 0;
		};
		26B29A8A1DA4B0F000E7C0F8 /* Sources */ = {
			isa = PBXSourcesBuildPhase;
			buildActionMask = 2147483647;
			files = (
				26B29AD51DA4B31700E7C0F8 /* UIApplication+KWOApp.swift in Sources */,
				26B29AD71DA4B34F00E7C0F8 /* Mailer.swift in Sources */,
				26B29AD41DA4B31700E7C0F8 /* UIAlertController+KWOApp.swift in Sources */,
				26B29ACA1DA4B1CB00E7C0F8 /* PhoneDialer.swift in Sources */,
			);
			runOnlyForDeploymentPostprocessing = 0;
		};
		26B29A931DA4B0F000E7C0F8 /* Sources */ = {
			isa = PBXSourcesBuildPhase;
			buildActionMask = 2147483647;
			files = (
				26B29A9D1DA4B0F000E7C0F8 /* KWOToolsAppTests.swift in Sources */,
			);
			runOnlyForDeploymentPostprocessing = 0;
		};
		26B29AA61DA4B0FE00E7C0F8 /* Sources */ = {
			isa = PBXSourcesBuildPhase;
			buildActionMask = 2147483647;
			files = (
			);
			runOnlyForDeploymentPostprocessing = 0;
		};
		26B29AAF1DA4B0FE00E7C0F8 /* Sources */ = {
			isa = PBXSourcesBuildPhase;
			buildActionMask = 2147483647;
			files = (
				26B29AB91DA4B0FE00E7C0F8 /* KWOToolsExtensionTests.swift in Sources */,
			);
			runOnlyForDeploymentPostprocessing = 0;
		};
/* End PBXSourcesBuildPhase section */

/* Begin PBXTargetDependency section */
		26528B891DAA386900ADA712 /* PBXTargetDependency */ = {
			isa = PBXTargetDependency;
			target = 264AEB0F1D17E8DB00F410E1 /* KWOTools */;
			targetProxy = 26528B881DAA386900ADA712 /* PBXContainerItemProxy */;
		};
		26B29A9A1DA4B0F000E7C0F8 /* PBXTargetDependency */ = {
			isa = PBXTargetDependency;
			target = 26B29A8E1DA4B0F000E7C0F8 /* KWOToolsApp */;
			targetProxy = 26B29A991DA4B0F000E7C0F8 /* PBXContainerItemProxy */;
		};
		26B29AB61DA4B0FE00E7C0F8 /* PBXTargetDependency */ = {
			isa = PBXTargetDependency;
			target = 26B29AAA1DA4B0FE00E7C0F8 /* KWOToolsExtension */;
			targetProxy = 26B29AB51DA4B0FE00E7C0F8 /* PBXContainerItemProxy */;
		};
		26B29AD91DA4B86700E7C0F8 /* PBXTargetDependency */ = {
			isa = PBXTargetDependency;
			target = 264AEB0F1D17E8DB00F410E1 /* KWOTools */;
			targetProxy = 26B29AD81DA4B86700E7C0F8 /* PBXContainerItemProxy */;
		};
		26B29ADB1DA4B86B00E7C0F8 /* PBXTargetDependency */ = {
			isa = PBXTargetDependency;
			target = 264AEB0F1D17E8DB00F410E1 /* KWOTools */;
			targetProxy = 26B29ADA1DA4B86B00E7C0F8 /* PBXContainerItemProxy */;
		};
/* End PBXTargetDependency section */

/* Begin XCBuildConfiguration section */
		264AEB161D17E8DB00F410E1 /* Debug */ = {
			isa = XCBuildConfiguration;
			buildSettings = {
				ALWAYS_SEARCH_USER_PATHS = NO;
				CLANG_ANALYZER_NONNULL = YES;
				CLANG_CXX_LANGUAGE_STANDARD = "gnu++0x";
				CLANG_CXX_LIBRARY = "libc++";
				CLANG_ENABLE_MODULES = YES;
				CLANG_ENABLE_OBJC_ARC = YES;
				CLANG_WARN_BLOCK_CAPTURE_AUTORELEASING = YES;
				CLANG_WARN_BOOL_CONVERSION = YES;
				CLANG_WARN_COMMA = YES;
				CLANG_WARN_CONSTANT_CONVERSION = YES;
				CLANG_WARN_DIRECT_OBJC_ISA_USAGE = YES_ERROR;
				CLANG_WARN_EMPTY_BODY = YES;
				CLANG_WARN_ENUM_CONVERSION = YES;
				CLANG_WARN_INFINITE_RECURSION = YES;
				CLANG_WARN_INT_CONVERSION = YES;
				CLANG_WARN_NON_LITERAL_NULL_CONVERSION = YES;
				CLANG_WARN_OBJC_LITERAL_CONVERSION = YES;
				CLANG_WARN_OBJC_ROOT_CLASS = YES_ERROR;
				CLANG_WARN_RANGE_LOOP_ANALYSIS = YES;
				CLANG_WARN_STRICT_PROTOTYPES = YES;
				CLANG_WARN_SUSPICIOUS_MOVE = YES;
				CLANG_WARN_UNREACHABLE_CODE = YES;
				CLANG_WARN__DUPLICATE_METHOD_MATCH = YES;
				"CODE_SIGN_IDENTITY[sdk=iphoneos*]" = "iPhone Developer";
				COPY_PHASE_STRIP = NO;
				CURRENT_PROJECT_VERSION = 1;
				DEBUG_INFORMATION_FORMAT = dwarf;
				ENABLE_STRICT_OBJC_MSGSEND = YES;
				ENABLE_TESTABILITY = YES;
				GCC_C_LANGUAGE_STANDARD = gnu99;
				GCC_DYNAMIC_NO_PIC = NO;
				GCC_NO_COMMON_BLOCKS = YES;
				GCC_OPTIMIZATION_LEVEL = 0;
				GCC_PREPROCESSOR_DEFINITIONS = (
					"DEBUG=1",
					"$(inherited)",
				);
				GCC_WARN_64_TO_32_BIT_CONVERSION = YES;
				GCC_WARN_ABOUT_RETURN_TYPE = YES_ERROR;
				GCC_WARN_UNDECLARED_SELECTOR = YES;
				GCC_WARN_UNINITIALIZED_AUTOS = YES_AGGRESSIVE;
				GCC_WARN_UNUSED_FUNCTION = YES;
				GCC_WARN_UNUSED_VARIABLE = YES;
				IPHONEOS_DEPLOYMENT_TARGET = 12.2;
				MTL_ENABLE_DEBUG_INFO = YES;
				ONLY_ACTIVE_ARCH = YES;
				SDKROOT = iphoneos;
				SWIFT_OPTIMIZATION_LEVEL = "-Onone";
				TARGETED_DEVICE_FAMILY = "1,2";
				VERSIONING_SYSTEM = "apple-generic";
				VERSION_INFO_PREFIX = "";
			};
			name = Debug;
		};
		264AEB171D17E8DB00F410E1 /* Release */ = {
			isa = XCBuildConfiguration;
			buildSettings = {
				ALWAYS_SEARCH_USER_PATHS = NO;
				CLANG_ANALYZER_NONNULL = YES;
				CLANG_CXX_LANGUAGE_STANDARD = "gnu++0x";
				CLANG_CXX_LIBRARY = "libc++";
				CLANG_ENABLE_MODULES = YES;
				CLANG_ENABLE_OBJC_ARC = YES;
				CLANG_WARN_BLOCK_CAPTURE_AUTORELEASING = YES;
				CLANG_WARN_BOOL_CONVERSION = YES;
				CLANG_WARN_COMMA = YES;
				CLANG_WARN_CONSTANT_CONVERSION = YES;
				CLANG_WARN_DIRECT_OBJC_ISA_USAGE = YES_ERROR;
				CLANG_WARN_EMPTY_BODY = YES;
				CLANG_WARN_ENUM_CONVERSION = YES;
				CLANG_WARN_INFINITE_RECURSION = YES;
				CLANG_WARN_INT_CONVERSION = YES;
				CLANG_WARN_NON_LITERAL_NULL_CONVERSION = YES;
				CLANG_WARN_OBJC_LITERAL_CONVERSION = YES;
				CLANG_WARN_OBJC_ROOT_CLASS = YES_ERROR;
				CLANG_WARN_RANGE_LOOP_ANALYSIS = YES;
				CLANG_WARN_STRICT_PROTOTYPES = YES;
				CLANG_WARN_SUSPICIOUS_MOVE = YES;
				CLANG_WARN_UNREACHABLE_CODE = YES;
				CLANG_WARN__DUPLICATE_METHOD_MATCH = YES;
				"CODE_SIGN_IDENTITY[sdk=iphoneos*]" = "iPhone Developer";
				COPY_PHASE_STRIP = NO;
				CURRENT_PROJECT_VERSION = 1;
				DEBUG_INFORMATION_FORMAT = "dwarf-with-dsym";
				ENABLE_NS_ASSERTIONS = NO;
				ENABLE_STRICT_OBJC_MSGSEND = YES;
				GCC_C_LANGUAGE_STANDARD = gnu99;
				GCC_NO_COMMON_BLOCKS = YES;
				GCC_WARN_64_TO_32_BIT_CONVERSION = YES;
				GCC_WARN_ABOUT_RETURN_TYPE = YES_ERROR;
				GCC_WARN_UNDECLARED_SELECTOR = YES;
				GCC_WARN_UNINITIALIZED_AUTOS = YES_AGGRESSIVE;
				GCC_WARN_UNUSED_FUNCTION = YES;
				GCC_WARN_UNUSED_VARIABLE = YES;
				IPHONEOS_DEPLOYMENT_TARGET = 12.2;
				MTL_ENABLE_DEBUG_INFO = NO;
				SDKROOT = iphoneos;
				SWIFT_OPTIMIZATION_LEVEL = "-Owholemodule";
				TARGETED_DEVICE_FAMILY = "1,2";
				VALIDATE_PRODUCT = YES;
				VERSIONING_SYSTEM = "apple-generic";
				VERSION_INFO_PREFIX = "";
			};
			name = Release;
		};
		264AEB191D17E8DB00F410E1 /* Debug */ = {
			isa = XCBuildConfiguration;
			buildSettings = {
				ALWAYS_EMBED_SWIFT_STANDARD_LIBRARIES = NO;
				APPLICATION_EXTENSION_API_ONLY = NO;
				CLANG_ENABLE_MODULES = YES;
				"CODE_SIGN_IDENTITY[sdk=iphoneos*]" = "";
				DEFINES_MODULE = YES;
				DYLIB_COMPATIBILITY_VERSION = 1;
				DYLIB_CURRENT_VERSION = 1;
				DYLIB_INSTALL_NAME_BASE = "@rpath";
				FRAMEWORK_SEARCH_PATHS = "$(inherited)";
				INFOPLIST_FILE = KWOTools/Info.plist;
				INSTALL_PATH = "$(LOCAL_LIBRARY_DIR)/Frameworks";
				IPHONEOS_DEPLOYMENT_TARGET = 10.3;
				LD_RUNPATH_SEARCH_PATHS = "$(inherited) @executable_path/Frameworks @loader_path/Frameworks";
				ONLY_ACTIVE_ARCH = NO;
				PRODUCT_BUNDLE_IDENTIFIER = com.kevinwolkober.KWOTools;
				PRODUCT_NAME = "$(TARGET_NAME)";
				SKIP_INSTALL = YES;
				SWIFT_OPTIMIZATION_LEVEL = "-Onone";
				SWIFT_SWIFT3_OBJC_INFERENCE = On;
				SWIFT_VERSION = 4.2;
			};
			name = Debug;
		};
		264AEB1A1D17E8DB00F410E1 /* Release */ = {
			isa = XCBuildConfiguration;
			buildSettings = {
				ALWAYS_EMBED_SWIFT_STANDARD_LIBRARIES = NO;
				APPLICATION_EXTENSION_API_ONLY = NO;
				CLANG_ENABLE_MODULES = YES;
				"CODE_SIGN_IDENTITY[sdk=iphoneos*]" = "";
				DEFINES_MODULE = YES;
				DYLIB_COMPATIBILITY_VERSION = 1;
				DYLIB_CURRENT_VERSION = 1;
				DYLIB_INSTALL_NAME_BASE = "@rpath";
				FRAMEWORK_SEARCH_PATHS = "$(inherited)";
				INFOPLIST_FILE = KWOTools/Info.plist;
				INSTALL_PATH = "$(LOCAL_LIBRARY_DIR)/Frameworks";
				IPHONEOS_DEPLOYMENT_TARGET = 10.3;
				LD_RUNPATH_SEARCH_PATHS = "$(inherited) @executable_path/Frameworks @loader_path/Frameworks";
				PRODUCT_BUNDLE_IDENTIFIER = com.kevinwolkober.KWOTools;
				PRODUCT_NAME = "$(TARGET_NAME)";
				SKIP_INSTALL = YES;
				SWIFT_SWIFT3_OBJC_INFERENCE = On;
				SWIFT_VERSION = 4.2;
			};
			name = Release;
		};
		26528B8A1DAA386900ADA712 /* Debug */ = {
			isa = XCBuildConfiguration;
			buildSettings = {
				CLANG_WARN_DOCUMENTATION_COMMENTS = YES;
				CLANG_WARN_SUSPICIOUS_MOVES = YES;
				DEVELOPMENT_TEAM = RBAYG54ZP6;
				INFOPLIST_FILE = KWOToolsTests/Info.plist;
				IPHONEOS_DEPLOYMENT_TARGET = 10.0;
				LD_RUNPATH_SEARCH_PATHS = "$(inherited) @executable_path/Frameworks @loader_path/Frameworks";
				PRODUCT_BUNDLE_IDENTIFIER = com.kevinwolkober.KWOToolsTests;
				PRODUCT_NAME = "$(TARGET_NAME)";
				SWIFT_ACTIVE_COMPILATION_CONDITIONS = DEBUG;
				SWIFT_VERSION = 4.2;
			};
			name = Debug;
		};
		26528B8B1DAA386900ADA712 /* Release */ = {
			isa = XCBuildConfiguration;
			buildSettings = {
				CLANG_WARN_DOCUMENTATION_COMMENTS = YES;
				CLANG_WARN_SUSPICIOUS_MOVES = YES;
				DEVELOPMENT_TEAM = RBAYG54ZP6;
				INFOPLIST_FILE = KWOToolsTests/Info.plist;
				IPHONEOS_DEPLOYMENT_TARGET = 10.0;
				LD_RUNPATH_SEARCH_PATHS = "$(inherited) @executable_path/Frameworks @loader_path/Frameworks";
				PRODUCT_BUNDLE_IDENTIFIER = com.kevinwolkober.KWOToolsTests;
				PRODUCT_NAME = "$(TARGET_NAME)";
				SWIFT_VERSION = 4.2;
			};
			name = Release;
		};
		26B29AA01DA4B0F000E7C0F8 /* Debug */ = {
			isa = XCBuildConfiguration;
			buildSettings = {
				CLANG_WARN_DOCUMENTATION_COMMENTS = YES;
				CLANG_WARN_SUSPICIOUS_MOVES = YES;
				CODE_SIGN_IDENTITY = "";
				DEFINES_MODULE = YES;
				DEVELOPMENT_TEAM = "";
				DYLIB_COMPATIBILITY_VERSION = 1;
				DYLIB_CURRENT_VERSION = 1;
				DYLIB_INSTALL_NAME_BASE = "@rpath";
				INFOPLIST_FILE = KWOToolsApp/Info.plist;
				INSTALL_PATH = "$(LOCAL_LIBRARY_DIR)/Frameworks";
				IPHONEOS_DEPLOYMENT_TARGET = 10.3;
				LD_RUNPATH_SEARCH_PATHS = "$(inherited) @executable_path/Frameworks @loader_path/Frameworks";
				ONLY_ACTIVE_ARCH = NO;
				PRODUCT_BUNDLE_IDENTIFIER = com.kevinwolkober.KWOToolsApp;
				PRODUCT_NAME = "$(TARGET_NAME)";
				SKIP_INSTALL = YES;
				SWIFT_ACTIVE_COMPILATION_CONDITIONS = DEBUG;
				SWIFT_SWIFT3_OBJC_INFERENCE = On;
				SWIFT_VERSION = 4.2;
			};
			name = Debug;
		};
		26B29AA11DA4B0F000E7C0F8 /* Release */ = {
			isa = XCBuildConfiguration;
			buildSettings = {
				CLANG_WARN_DOCUMENTATION_COMMENTS = YES;
				CLANG_WARN_SUSPICIOUS_MOVES = YES;
				CODE_SIGN_IDENTITY = "";
				DEFINES_MODULE = YES;
				DEVELOPMENT_TEAM = "";
				DYLIB_COMPATIBILITY_VERSION = 1;
				DYLIB_CURRENT_VERSION = 1;
				DYLIB_INSTALL_NAME_BASE = "@rpath";
				INFOPLIST_FILE = KWOToolsApp/Info.plist;
				INSTALL_PATH = "$(LOCAL_LIBRARY_DIR)/Frameworks";
				IPHONEOS_DEPLOYMENT_TARGET = 10.3;
				LD_RUNPATH_SEARCH_PATHS = "$(inherited) @executable_path/Frameworks @loader_path/Frameworks";
				PRODUCT_BUNDLE_IDENTIFIER = com.kevinwolkober.KWOToolsApp;
				PRODUCT_NAME = "$(TARGET_NAME)";
				SKIP_INSTALL = YES;
				SWIFT_SWIFT3_OBJC_INFERENCE = On;
				SWIFT_VERSION = 4.2;
			};
			name = Release;
		};
		26B29AA21DA4B0F000E7C0F8 /* Debug */ = {
			isa = XCBuildConfiguration;
			buildSettings = {
				ALWAYS_EMBED_SWIFT_STANDARD_LIBRARIES = YES;
				CLANG_WARN_DOCUMENTATION_COMMENTS = YES;
				CLANG_WARN_SUSPICIOUS_MOVES = YES;
				DEVELOPMENT_TEAM = RBAYG54ZP6;
				INFOPLIST_FILE = KWOToolsAppTests/Info.plist;
				IPHONEOS_DEPLOYMENT_TARGET = 10.0;
				LD_RUNPATH_SEARCH_PATHS = "$(inherited) @executable_path/Frameworks @loader_path/Frameworks";
				PRODUCT_BUNDLE_IDENTIFIER = com.kevinwolkober.KWOToolsAppTests;
				PRODUCT_NAME = "$(TARGET_NAME)";
				SWIFT_ACTIVE_COMPILATION_CONDITIONS = DEBUG;
				SWIFT_SWIFT3_OBJC_INFERENCE = On;
				SWIFT_VERSION = 4.2;
			};
			name = Debug;
		};
		26B29AA31DA4B0F000E7C0F8 /* Release */ = {
			isa = XCBuildConfiguration;
			buildSettings = {
				ALWAYS_EMBED_SWIFT_STANDARD_LIBRARIES = YES;
				CLANG_WARN_DOCUMENTATION_COMMENTS = YES;
				CLANG_WARN_SUSPICIOUS_MOVES = YES;
				DEVELOPMENT_TEAM = RBAYG54ZP6;
				INFOPLIST_FILE = KWOToolsAppTests/Info.plist;
				IPHONEOS_DEPLOYMENT_TARGET = 10.0;
				LD_RUNPATH_SEARCH_PATHS = "$(inherited) @executable_path/Frameworks @loader_path/Frameworks";
				PRODUCT_BUNDLE_IDENTIFIER = com.kevinwolkober.KWOToolsAppTests;
				PRODUCT_NAME = "$(TARGET_NAME)";
				SWIFT_SWIFT3_OBJC_INFERENCE = On;
				SWIFT_VERSION = 4.2;
			};
			name = Release;
		};
		26B29ABD1DA4B0FE00E7C0F8 /* Debug */ = {
			isa = XCBuildConfiguration;
			buildSettings = {
				CLANG_WARN_DOCUMENTATION_COMMENTS = YES;
				CLANG_WARN_SUSPICIOUS_MOVES = YES;
				CODE_SIGN_IDENTITY = "";
				DEFINES_MODULE = YES;
				DEVELOPMENT_TEAM = "";
				DYLIB_COMPATIBILITY_VERSION = 1;
				DYLIB_CURRENT_VERSION = 1;
				DYLIB_INSTALL_NAME_BASE = "@rpath";
				INFOPLIST_FILE = KWOToolsExtension/Info.plist;
				INSTALL_PATH = "$(LOCAL_LIBRARY_DIR)/Frameworks";
				IPHONEOS_DEPLOYMENT_TARGET = 10.3;
				LD_RUNPATH_SEARCH_PATHS = "$(inherited) @executable_path/Frameworks @loader_path/Frameworks";
				ONLY_ACTIVE_ARCH = NO;
				PRODUCT_BUNDLE_IDENTIFIER = com.kevinwolkober.KWOToolsExtension;
				PRODUCT_NAME = "$(TARGET_NAME)";
				SKIP_INSTALL = YES;
				SWIFT_ACTIVE_COMPILATION_CONDITIONS = DEBUG;
				SWIFT_VERSION = 4.2;
			};
			name = Debug;
		};
		26B29ABE1DA4B0FE00E7C0F8 /* Release */ = {
			isa = XCBuildConfiguration;
			buildSettings = {
				CLANG_WARN_DOCUMENTATION_COMMENTS = YES;
				CLANG_WARN_SUSPICIOUS_MOVES = YES;
				CODE_SIGN_IDENTITY = "";
				DEFINES_MODULE = YES;
				DEVELOPMENT_TEAM = "";
				DYLIB_COMPATIBILITY_VERSION = 1;
				DYLIB_CURRENT_VERSION = 1;
				DYLIB_INSTALL_NAME_BASE = "@rpath";
				INFOPLIST_FILE = KWOToolsExtension/Info.plist;
				INSTALL_PATH = "$(LOCAL_LIBRARY_DIR)/Frameworks";
				IPHONEOS_DEPLOYMENT_TARGET = 10.3;
				LD_RUNPATH_SEARCH_PATHS = "$(inherited) @executable_path/Frameworks @loader_path/Frameworks";
				PRODUCT_BUNDLE_IDENTIFIER = com.kevinwolkober.KWOToolsExtension;
				PRODUCT_NAME = "$(TARGET_NAME)";
				SKIP_INSTALL = YES;
				SWIFT_VERSION = 4.2;
			};
			name = Release;
		};
		26B29AC01DA4B0FE00E7C0F8 /* Debug */ = {
			isa = XCBuildConfiguration;
			buildSettings = {
				CLANG_WARN_DOCUMENTATION_COMMENTS = YES;
				CLANG_WARN_SUSPICIOUS_MOVES = YES;
				DEVELOPMENT_TEAM = RBAYG54ZP6;
				INFOPLIST_FILE = KWOToolsExtensionTests/Info.plist;
				IPHONEOS_DEPLOYMENT_TARGET = 10.0;
				LD_RUNPATH_SEARCH_PATHS = "$(inherited) @executable_path/Frameworks @loader_path/Frameworks";
				PRODUCT_BUNDLE_IDENTIFIER = com.kevinwolkober.KWOToolsExtensionTests;
				PRODUCT_NAME = "$(TARGET_NAME)";
				SWIFT_ACTIVE_COMPILATION_CONDITIONS = DEBUG;
				SWIFT_VERSION = 4.2;
			};
			name = Debug;
		};
		26B29AC11DA4B0FE00E7C0F8 /* Release */ = {
			isa = XCBuildConfiguration;
			buildSettings = {
				CLANG_WARN_DOCUMENTATION_COMMENTS = YES;
				CLANG_WARN_SUSPICIOUS_MOVES = YES;
				DEVELOPMENT_TEAM = RBAYG54ZP6;
				INFOPLIST_FILE = KWOToolsExtensionTests/Info.plist;
				IPHONEOS_DEPLOYMENT_TARGET = 10.0;
				LD_RUNPATH_SEARCH_PATHS = "$(inherited) @executable_path/Frameworks @loader_path/Frameworks";
				PRODUCT_BUNDLE_IDENTIFIER = com.kevinwolkober.KWOToolsExtensionTests;
				PRODUCT_NAME = "$(TARGET_NAME)";
				SWIFT_VERSION = 4.2;
			};
			name = Release;
		};
/* End XCBuildConfiguration section */

/* Begin XCConfigurationList section */
		264AEB0A1D17E8DA00F410E1 /* Build configuration list for PBXProject "KWOTools" */ = {
			isa = XCConfigurationList;
			buildConfigurations = (
				264AEB161D17E8DB00F410E1 /* Debug */,
				264AEB171D17E8DB00F410E1 /* Release */,
			);
			defaultConfigurationIsVisible = 0;
			defaultConfigurationName = Release;
		};
		264AEB181D17E8DB00F410E1 /* Build configuration list for PBXNativeTarget "KWOTools" */ = {
			isa = XCConfigurationList;
			buildConfigurations = (
				264AEB191D17E8DB00F410E1 /* Debug */,
				264AEB1A1D17E8DB00F410E1 /* Release */,
			);
			defaultConfigurationIsVisible = 0;
			defaultConfigurationName = Release;
		};
		26528B8C1DAA386900ADA712 /* Build configuration list for PBXNativeTarget "KWOToolsTests" */ = {
			isa = XCConfigurationList;
			buildConfigurations = (
				26528B8A1DAA386900ADA712 /* Debug */,
				26528B8B1DAA386900ADA712 /* Release */,
			);
			defaultConfigurationIsVisible = 0;
			defaultConfigurationName = Release;
		};
		26B29AA41DA4B0F000E7C0F8 /* Build configuration list for PBXNativeTarget "KWOToolsApp" */ = {
			isa = XCConfigurationList;
			buildConfigurations = (
				26B29AA01DA4B0F000E7C0F8 /* Debug */,
				26B29AA11DA4B0F000E7C0F8 /* Release */,
			);
			defaultConfigurationIsVisible = 0;
			defaultConfigurationName = Release;
		};
		26B29AA51DA4B0F000E7C0F8 /* Build configuration list for PBXNativeTarget "KWOToolsAppTests" */ = {
			isa = XCConfigurationList;
			buildConfigurations = (
				26B29AA21DA4B0F000E7C0F8 /* Debug */,
				26B29AA31DA4B0F000E7C0F8 /* Release */,
			);
			defaultConfigurationIsVisible = 0;
			defaultConfigurationName = Release;
		};
		26B29ABC1DA4B0FE00E7C0F8 /* Build configuration list for PBXNativeTarget "KWOToolsExtension" */ = {
			isa = XCConfigurationList;
			buildConfigurations = (
				26B29ABD1DA4B0FE00E7C0F8 /* Debug */,
				26B29ABE1DA4B0FE00E7C0F8 /* Release */,
			);
			defaultConfigurationIsVisible = 0;
			defaultConfigurationName = Release;
		};
		26B29ABF1DA4B0FE00E7C0F8 /* Build configuration list for PBXNativeTarget "KWOToolsExtensionTests" */ = {
			isa = XCConfigurationList;
			buildConfigurations = (
				26B29AC01DA4B0FE00E7C0F8 /* Debug */,
				26B29AC11DA4B0FE00E7C0F8 /* Release */,
			);
			defaultConfigurationIsVisible = 0;
			defaultConfigurationName = Release;
		};
/* End XCConfigurationList section */
	};
	rootObject = 264AEB071D17E8DA00F410E1 /* Project object */;
}
